
Microsoft Visual Studio Solution File, Format Version 12.00
# Visual Studio Version 17
VisualStudioVersion = 17.0.31919.166
MinimumVisualStudioVersion = 10.0.40219.1
Project("{8BC9CEB8-8B4A-11D0-8D11-00A0C91BC942}") = "Expression", "Expression\Expression.vcxproj", "{F4486D28-FB70-46E9-A33A-0859EC381A55}"
EndProject
Global
	GlobalSection(SolutionConfigurationPlatforms) = preSolution
		Debug|x64 = Debug|x64
		Debug|x86 = Debug|x86
		Release|x64 = Release|x64
		Release|x86 = Release|x86
	EndGlobalSection
	GlobalSection(ProjectConfigurationPlatforms) = postSolution
		{F4486D28-FB70-46E9-A33A-0859EC381A55}.Debug|x64.ActiveCfg = Debug|x64
		{F4486D28-FB70-46E9-A33A-0859EC381A55}.Debug|x64.Build.0 = Debug|x64
		{F4486D28-FB70-46E9-A33A-0859EC381A55}.Debug|x86.ActiveCfg = Debug|Win32
		{F4486D28-FB70-46E9-A33A-0859EC381A55}.Debug|x86.Build.0 = Debug|Win32
		{F4486D28-FB70-46E9-A33A-0859EC381A55}.Release|x64.ActiveCfg = Release|x64
		{F4486D28-FB70-46E9-A33A-0859EC381A55}.Release|x64.Build.0 = Release|x64
		{F4486D28-FB70-46E9-A33A-0859EC381A55}.Release|x86.ActiveCfg = Release|Win32
		{F4486D28-FB70-46E9-A33A-0859EC381A55}.Release|x86.Build.0 = Release|Win32
	EndGlobalSection
	GlobalSection(SolutionProperties) = preSolution
		HideSolutionNode = FALSE
	EndGlobalSection
	GlobalSection(ExtensibilityGlobals) = postSolution
		SolutionGuid = {CAD82E38-A19A-4317-9D3B-E98C5D97D5E2}
	EndGlobalSection
EndGlobal
